
Microsoft Visual Studio Solution File, Format Version 12.00
# Visual Studio Version 17
VisualStudioVersion = 17.3.32929.385
MinimumVisualStudioVersion = 10.0.40219.1
Project("{FAE04EC0-301F-11D3-BF4B-00C04F79EFBC}") = "myWpf", "myWpf.csproj", "{0EDA99D2-643B-4698-A289-D9297B3A6077}"
EndProject
Global
	GlobalSection(SolutionConfigurationPlatforms) = preSolution
		Debug|Any CPU = Debug|Any CPU
		Release|Any CPU = Release|Any CPU
	EndGlobalSection
	GlobalSection(ProjectConfigurationPlatforms) = postSolution
		{0EDA99D2-643B-4698-A289-D9297B3A6077}.Debug|Any CPU.ActiveCfg = Debug|Any CPU
		{0EDA99D2-643B-4698-A289-D9297B3A6077}.Debug|Any CPU.Build.0 = Debug|Any CPU
		{0EDA99D2-643B-4698-A289-D9297B3A6077}.Release|Any CPU.ActiveCfg = Release|Any CPU
		{0EDA99D2-643B-4698-A289-D9297B3A6077}.Release|Any CPU.Build.0 = Release|Any CPU
	EndGlobalSection
	GlobalSection(SolutionProperties) = preSolution
		HideSolutionNode = FALSE
	EndGlobalSection
	GlobalSection(ExtensibilityGlobals) = postSolution
		SolutionGuid = {68EF5749-1909-476D-A7F2-C1FF5B6F074E}
	EndGlobalSection
EndGlobal
